
Microsoft Visual Studio Solution File, Format Version 12.00
# Visual Studio 15
VisualStudioVersion = 15.0.28307.421
MinimumVisualStudioVersion = 10.0.40219.1
Project("{8BC9CEB8-8B4A-11D0-8D11-00A0C91BC942}") = "FPP1 Version 2", "FPP1 Version 2\FPP1 Version 2.vcxproj", "{08D0628B-ED94-4013-86F2-34A8785C981C}"
EndProject
Global
	GlobalSection(SolutionConfigurationPlatforms) = preSolution
		Debug|x64 = Debug|x64
		Debug|x86 = Debug|x86
		Release|x64 = Release|x64
		Release|x86 = Release|x86
	EndGlobalSection
	GlobalSection(ProjectConfigurationPlatforms) = postSolution
		{08D0628B-ED94-4013-86F2-34A8785C981C}.Debug|x64.ActiveCfg = Debug|x64
		{08D0628B-ED94-4013-86F2-34A8785C981C}.Debug|x64.Build.0 = Debug|x64
		{08D0628B-ED94-4013-86F2-34A8785C981C}.Debug|x86.ActiveCfg = Debug|Win32
		{08D0628B-ED94-4013-86F2-34A8785C981C}.Debug|x86.Build.0 = Debug|Win32
		{08D0628B-ED94-4013-86F2-34A8785C981C}.Release|x64.ActiveCfg = Release|x64
		{08D0628B-ED94-4013-86F2-34A8785C981C}.Release|x64.Build.0 = Release|x64
		{08D0628B-ED94-4013-86F2-34A8785C981C}.Release|x86.ActiveCfg = Release|Win32
		{08D0628B-ED94-4013-86F2-34A8785C981C}.Release|x86.Build.0 = Release|Win32
	EndGlobalSection
	GlobalSection(SolutionProperties) = preSolution
		HideSolutionNode = FALSE
	EndGlobalSection
	GlobalSection(ExtensibilityGlobals) = postSolution
		SolutionGuid = {ED52D6FC-4F5C-4580-91E7-DF8AECF41000}
	EndGlobalSection
EndGlobal
